{
  "requires": true,
  "lockfileVersion": 1,
  "dependencies": {
    "react-app-rewire-alias": {
      "version": "1.0.3",
      "resolved": "https://registry.npmjs.org/react-app-rewire-alias/-/react-app-rewire-alias-1.0.3.tgz",
      "integrity": "sha512-rqeDpqPg07lY16MC1geOBtopEy5hQp5vGPh4xS6gyPyP+uVU1tgYagRyiwDfa6/QvlMU2RmmefIoT5kUpfzxjQ==",
      "dev": true
    },
    "react-app-rewired": {
      "version": "2.1.8",
      "resolved": "https://registry.npmjs.org/react-app-rewired/-/react-app-rewired-2.1.8.tgz",
      "integrity": "sha512-wjXPdKPLscA7mn0I1de1NHrbfWdXz4S1ladaGgHVKdn1hTgKK5N6EdGIJM0KrS6bKnJBj7WuqJroDTsPKKr66Q==",
      "dev": true,
      "requires": {
        "semver": "^5.6.0"
      }
    },
    "semver": {
      "version": "5.7.1",
      "resolved": "https://registry.npmjs.org/semver/-/semver-5.7.1.tgz",
      "integrity": "sha512-sauaDf/PZdVgrLTNYHRtpXa1iRiKcaebiKQ1BJdpQlWH2lCvexQdX55snPFyK7QzpudqbCI0qXFfOasHdyNDGQ==",
      "dev": true
    }
  }
}
